
Microsoft Visual Studio Solution File, Format Version 12.00
# Visual Studio Version 17
VisualStudioVersion = 17.12.35527.113
MinimumVisualStudioVersion = 10.0.40219.1
Project("{FAE04EC0-301F-11D3-BF4B-00C04F79EFBC}") = "TrackingCode", "TrackingCode\TrackingCode.csproj", "{FCBB9308-78F4-439A-B8F5-263DD8A2030F}"
EndProject
Project("{FAE04EC0-301F-11D3-BF4B-00C04F79EFBC}") = "OnlineShop.APIs", "OnlineShop.APIs\OnlineShop.APIs.csproj", "{B0BFD6AC-78CB-4E9F-81B4-72E58C146618}"
EndProject
Project("{FAE04EC0-301F-11D3-BF4B-00C04F79EFBC}") = "OnlineShop.Resources", "OnlineShop.Resources\OnlineShop.Resources.csproj", "{0AD890C5-BD63-4BE5-90C0-1A61D19C5DC9}"
EndProject
Project("{FAE04EC0-301F-11D3-BF4B-00C04F79EFBC}") = "OnlineShop.DomainModel", "OnlineShop.DomainModel\OnlineShop.DomainModel.csproj", "{5E32CA96-480A-419D-9C5F-A389235D19F2}"
EndProject
Project("{FAE04EC0-301F-11D3-BF4B-00C04F79EFBC}") = "OnlineShop.DomainService", "OnlineShop.DomainService\OnlineShop.DomainService.csproj", "{1D7ACD28-11DF-4969-8C05-48424A39D09D}"
EndProject
Project("{FAE04EC0-301F-11D3-BF4B-00C04F79EFBC}") = "OnlineShop.Infrastructure", "OnlineShop.Infrastructure\OnlineShop.Infrastructure.csproj", "{F10AFD23-3BB6-4C11-82BE-249D3A597665}"
EndProject
Project("{FAE04EC0-301F-11D3-BF4B-00C04F79EFBC}") = "OnlineShop.Application", "OnlineShop.Application\OnlineShop.Application.csproj", "{CCDB690A-8A5B-4A94-BCFB-1916B1392EEC}"
EndProject
Project("{FAE04EC0-301F-11D3-BF4B-00C04F79EFBC}") = "UrlShortener", "UrlShortener\UrlShortener.csproj", "{E639DB06-BDFA-4108-A4F5-4FC66B95D60E}"
EndProject
Global
	GlobalSection(SolutionConfigurationPlatforms) = preSolution
		Debug|Any CPU = Debug|Any CPU
		Release|Any CPU = Release|Any CPU
	EndGlobalSection
	GlobalSection(ProjectConfigurationPlatforms) = postSolution
		{FCBB9308-78F4-439A-B8F5-263DD8A2030F}.Debug|Any CPU.ActiveCfg = Debug|Any CPU
		{FCBB9308-78F4-439A-B8F5-263DD8A2030F}.Debug|Any CPU.Build.0 = Debug|Any CPU
		{FCBB9308-78F4-439A-B8F5-263DD8A2030F}.Release|Any CPU.ActiveCfg = Release|Any CPU
		{FCBB9308-78F4-439A-B8F5-263DD8A2030F}.Release|Any CPU.Build.0 = Release|Any CPU
		{B0BFD6AC-78CB-4E9F-81B4-72E58C146618}.Debug|Any CPU.ActiveCfg = Debug|Any CPU
		{B0BFD6AC-78CB-4E9F-81B4-72E58C146618}.Debug|Any CPU.Build.0 = Debug|Any CPU
		{B0BFD6AC-78CB-4E9F-81B4-72E58C146618}.Release|Any CPU.ActiveCfg = Release|Any CPU
		{B0BFD6AC-78CB-4E9F-81B4-72E58C146618}.Release|Any CPU.Build.0 = Release|Any CPU
		{0AD890C5-BD63-4BE5-90C0-1A61D19C5DC9}.Debug|Any CPU.ActiveCfg = Debug|Any CPU
		{0AD890C5-BD63-4BE5-90C0-1A61D19C5DC9}.Debug|Any CPU.Build.0 = Debug|Any CPU
		{0AD890C5-BD63-4BE5-90C0-1A61D19C5DC9}.Release|Any CPU.ActiveCfg = Release|Any CPU
		{0AD890C5-BD63-4BE5-90C0-1A61D19C5DC9}.Release|Any CPU.Build.0 = Release|Any CPU
		{5E32CA96-480A-419D-9C5F-A389235D19F2}.Debug|Any CPU.ActiveCfg = Debug|Any CPU
		{5E32CA96-480A-419D-9C5F-A389235D19F2}.Debug|Any CPU.Build.0 = Debug|Any CPU
		{5E32CA96-480A-419D-9C5F-A389235D19F2}.Release|Any CPU.ActiveCfg = Release|Any CPU
		{5E32CA96-480A-419D-9C5F-A389235D19F2}.Release|Any CPU.Build.0 = Release|Any CPU
		{1D7ACD28-11DF-4969-8C05-48424A39D09D}.Debug|Any CPU.ActiveCfg = Debug|Any CPU
		{1D7ACD28-11DF-4969-8C05-48424A39D09D}.Debug|Any CPU.Build.0 = Debug|Any CPU
		{1D7ACD28-11DF-4969-8C05-48424A39D09D}.Release|Any CPU.ActiveCfg = Release|Any CPU
		{1D7ACD28-11DF-4969-8C05-48424A39D09D}.Release|Any CPU.Build.0 = Release|Any CPU
		{F10AFD23-3BB6-4C11-82BE-249D3A597665}.Debug|Any CPU.ActiveCfg = Debug|Any CPU
		{F10AFD23-3BB6-4C11-82BE-249D3A597665}.Debug|Any CPU.Build.0 = Debug|Any CPU
		{F10AFD23-3BB6-4C11-82BE-249D3A597665}.Release|Any CPU.ActiveCfg = Release|Any CPU
		{F10AFD23-3BB6-4C11-82BE-249D3A597665}.Release|Any CPU.Build.0 = Release|Any CPU
		{CCDB690A-8A5B-4A94-BCFB-1916B1392EEC}.Debug|Any CPU.ActiveCfg = Debug|Any CPU
		{CCDB690A-8A5B-4A94-BCFB-1916B1392EEC}.Debug|Any CPU.Build.0 = Debug|Any CPU
		{CCDB690A-8A5B-4A94-BCFB-1916B1392EEC}.Release|Any CPU.ActiveCfg = Release|Any CPU
		{CCDB690A-8A5B-4A94-BCFB-1916B1392EEC}.Release|Any CPU.Build.0 = Release|Any CPU
		{E639DB06-BDFA-4108-A4F5-4FC66B95D60E}.Debug|Any CPU.ActiveCfg = Debug|Any CPU
		{E639DB06-BDFA-4108-A4F5-4FC66B95D60E}.Debug|Any CPU.Build.0 = Debug|Any CPU
		{E639DB06-BDFA-4108-A4F5-4FC66B95D60E}.Release|Any CPU.ActiveCfg = Release|Any CPU
		{E639DB06-BDFA-4108-A4F5-4FC66B95D60E}.Release|Any CPU.Build.0 = Release|Any CPU
	EndGlobalSection
	GlobalSection(SolutionProperties) = preSolution
		HideSolutionNode = FALSE
	EndGlobalSection
EndGlobal
